
Microsoft Visual Studio Solution File, Format Version 12.00
# Visual Studio Version 17
VisualStudioVersion = 17.11.35327.3
MinimumVisualStudioVersion = 10.0.40219.1
Project("{FAE04EC0-301F-11D3-BF4B-00C04F79EFBC}") = "SuperHero_Project_PRG282", "SuperHero_Project_PRG282.csproj", "{9053F47C-49C3-4C1B-A9B5-BA84966CC780}"
EndProject
Global
	GlobalSection(SolutionConfigurationPlatforms) = preSolution
		Debug|Any CPU = Debug|Any CPU
		Release|Any CPU = Release|Any CPU
	EndGlobalSection
	GlobalSection(ProjectConfigurationPlatforms) = postSolution
		{9053F47C-49C3-4C1B-A9B5-BA84966CC780}.Debug|Any CPU.ActiveCfg = Debug|Any CPU
		{9053F47C-49C3-4C1B-A9B5-BA84966CC780}.Debug|Any CPU.Build.0 = Debug|Any CPU
		{9053F47C-49C3-4C1B-A9B5-BA84966CC780}.Release|Any CPU.ActiveCfg = Release|Any CPU
		{9053F47C-49C3-4C1B-A9B5-BA84966CC780}.Release|Any CPU.Build.0 = Release|Any CPU
	EndGlobalSection
	GlobalSection(SolutionProperties) = preSolution
		HideSolutionNode = FALSE
	EndGlobalSection
	GlobalSection(ExtensibilityGlobals) = postSolution
		SolutionGuid = {4D76E0DA-D167-40AF-9AA3-81E8D117C7C1}
	EndGlobalSection
EndGlobal
